# Pinned upstream commits for Flutter 3.44.0 + its engine dependencies.
# Read by engine.py (fetch / apply / regenerate / build). KEY=VALUE lines,
# still bash-sourceable.
#
# When bumping to a new Flutter release, update ALL four refs together and
# keep them consistent: the engine pins the dart/skia SHAs inside its DEPS.

FLUTTER_VERSION=3.44.0

# The Flutter monorepo (formerly flutter/engine + flutter/flutter).
# ENGINE_REF is the `3.44.0` tag which resolves to this commit.
ENGINE_REPO=https://github.com/flutter/flutter.git
ENGINE_REF=3.44.0
ENGINE_COMMIT=559ffa3f75e7402d65a8def9c28389a9b2e6fe42

# Dart SDK pinned at Dart 3.12.0.
DART_REPO=https://dart.googlesource.com/sdk.git
DART_COMMIT=98116461144f4429ab873f8497023a5ec3b08127

# Skia pinned to the revision the engine's DEPS resolves to for 3.44.0.
SKIA_REPO=https://skia.googlesource.com/skia.git
SKIA_COMMIT=e9ed4fc9f1544c58d8a9347c1fc9471d8dd7c465

# Perfetto (tracing, vendored inside Dart's third_party). Needs at least one
# tvOS patch to skip fork()/setsid() calls that tvOS SDK hides.
PERFETTO_REPO=https://android.googlesource.com/platform/external/perfetto
PERFETTO_COMMIT=13ce0c9e13b0940d2476cd0cff2301708a9a2e2b
